// !$*UTF8*$!
{
	archiveVersion = 1;
	classes = {
	};
	objectVersion = 51;
	objects = {

/* Begin PBXBuildFile section */
		7A37BCBD240B3880005AA776 /* UIView.swift in Sources */ = {isa = PBXBuildFile; fileRef = 7A37BCBC240B3880005AA776 /* UIView.swift */; };
		7A37BCC0240B46ED005AA776 /* ProductPreviewCell.swift in Sources */ = {isa = PBXBuildFile; fileRef = 7A37BCBE240B46EC005AA776 /* ProductPreviewCell.swift */; };
		7A37BCC1240B46ED005AA776 /* ProductPreviewCell.xib in Resources */ = {isa = PBXBuildFile; fileRef = 7A37BCBF240B46ED005AA776 /* ProductPreviewCell.xib */; };
		7A42F2E1240B25D7009B94A2 /* StoryBoardable.swift in Sources */ = {isa = PBXBuildFile; fileRef = 7A42F2E0240B25D7009B94A2 /* StoryBoardable.swift */; };
		7A42F2E3240B2D06009B94A2 /* DataManager.swift in Sources */ = {isa = PBXBuildFile; fileRef = 7A42F2E2240B2D06009B94A2 /* DataManager.swift */; };
		7A42F2E5240B31FA009B94A2 /* FastFoodViewController+Navbar.swift in Sources */ = {isa = PBXBuildFile; fileRef = 7A42F2E4240B31FA009B94A2 /* FastFoodViewController+Navbar.swift */; };
		7A42F2E7240BC914009B94A2 /* SimpraLabel.swift in Sources */ = {isa = PBXBuildFile; fileRef = 7A42F2E6240BC914009B94A2 /* SimpraLabel.swift */; };
		7A42F2EB240BE5BC009B94A2 /* SegmentView.xib in Resources */ = {isa = PBXBuildFile; fileRef = 7A42F2E9240BE5BC009B94A2 /* SegmentView.xib */; };
		7A42F2EC240BE5BC009B94A2 /* SegmentView.swift in Sources */ = {isa = PBXBuildFile; fileRef = 7A42F2EA240BE5BC009B94A2 /* SegmentView.swift */; };
		7A42F2EF240BE5D9009B94A2 /* SegmentOfCollectionVCell.xib in Resources */ = {isa = PBXBuildFile; fileRef = 7A42F2ED240BE5D9009B94A2 /* SegmentOfCollectionVCell.xib */; };
		7A42F2F0240BE5D9009B94A2 /* SegmentOfCollectionVCell.swift in Sources */ = {isa = PBXBuildFile; fileRef = 7A42F2EE240BE5D9009B94A2 /* SegmentOfCollectionVCell.swift */; };
		7A42F2F2240BE6A1009B94A2 /* Reusable.swift in Sources */ = {isa = PBXBuildFile; fileRef = 7A42F2F1240BE6A1009B94A2 /* Reusable.swift */; };
		7A42F2F4240BE6BA009B94A2 /* NibLoadable.swift in Sources */ = {isa = PBXBuildFile; fileRef = 7A42F2F3240BE6BA009B94A2 /* NibLoadable.swift */; };
		7A42F2F6240BE6E9009B94A2 /* UIView+Additions.swift in Sources */ = {isa = PBXBuildFile; fileRef = 7A42F2F5240BE6E9009B94A2 /* UIView+Additions.swift */; };
		7A42F2F9240C54C1009B94A2 /* SubSegmentOfCollectionVCell.xib in Resources */ = {isa = PBXBuildFile; fileRef = 7A42F2F7240C54C0009B94A2 /* SubSegmentOfCollectionVCell.xib */; };
		7A42F2FA240C54C1009B94A2 /* SubSegmentOfCollectionVCell.swift in Sources */ = {isa = PBXBuildFile; fileRef = 7A42F2F8240C54C0009B94A2 /* SubSegmentOfCollectionVCell.swift */; };
		7A42F2FC240CF97C009B94A2 /* Constants.swift in Sources */ = {isa = PBXBuildFile; fileRef = 7A42F2FB240CF97C009B94A2 /* Constants.swift */; };
		7A42F300240EE23E009B94A2 /* SettingViewController.swift in Sources */ = {isa = PBXBuildFile; fileRef = 7A42F2FF240EE23E009B94A2 /* SettingViewController.swift */; };
		7A42F302240EE7C0009B94A2 /* SettingButton.swift in Sources */ = {isa = PBXBuildFile; fileRef = 7A42F301240EE7C0009B94A2 /* SettingButton.swift */; };
		7A42F305240EF3C1009B94A2 /* SettingTableViewCell..swift in Sources */ = {isa = PBXBuildFile; fileRef = 7A42F303240EF3C1009B94A2 /* SettingTableViewCell..swift */; };
		7A42F306240EF3C1009B94A2 /* SettingTableViewCell.xib in Resources */ = {isa = PBXBuildFile; fileRef = 7A42F304240EF3C1009B94A2 /* SettingTableViewCell.xib */; };
		7A42F308240EFD46009B94A2 /* CoverOperationsViewController.swift in Sources */ = {isa = PBXBuildFile; fileRef = 7A42F307240EFD46009B94A2 /* CoverOperationsViewController.swift */; };
		7A7151AF240F9F900013CBC1 /* CoverOperationCellTableViewCell.swift in Sources */ = {isa = PBXBuildFile; fileRef = 7A7151AD240F9F900013CBC1 /* CoverOperationCellTableViewCell.swift */; };
		7A7151B0240F9F900013CBC1 /* CoverOperationCellTableViewCell.xib in Resources */ = {isa = PBXBuildFile; fileRef = 7A7151AE240F9F900013CBC1 /* CoverOperationCellTableViewCell.xib */; };
		7A7151B6241036E50013CBC1 /* StepperButton.swift in Sources */ = {isa = PBXBuildFile; fileRef = 7A7151B5241036E50013CBC1 /* StepperButton.swift */; };
		7A7151C32410EFC20013CBC1 /* EmployeeModel.swift in Sources */ = {isa = PBXBuildFile; fileRef = 7A7151C22410EFC20013CBC1 /* EmployeeModel.swift */; };
		7A7151C5241123930013CBC1 /* SimpraNotify.swift in Sources */ = {isa = PBXBuildFile; fileRef = 7A7151C4241123930013CBC1 /* SimpraNotify.swift */; };
		7A878DA824085A9200DA473B /* SimpraDB.swift in Sources */ = {isa = PBXBuildFile; fileRef = 7A878DA724085A9200DA473B /* SimpraDB.swift */; };
		7A878DB124085C9F00DA473B /* Enums.swift in Sources */ = {isa = PBXBuildFile; fileRef = 7A878DB024085C9F00DA473B /* Enums.swift */; };
		7A8CE55C240B05D0000E5AD2 /* EmployeesResponseModel.swift in Sources */ = {isa = PBXBuildFile; fileRef = 7A8CE54B240B05D0000E5AD2 /* EmployeesResponseModel.swift */; };
		7A8CE55D240B05D0000E5AD2 /* Employee.swift in Sources */ = {isa = PBXBuildFile; fileRef = 7A8CE54C240B05D0000E5AD2 /* Employee.swift */; };
		7A8CE55E240B05D0000E5AD2 /* Discount.swift in Sources */ = {isa = PBXBuildFile; fileRef = 7A8CE54E240B05D0000E5AD2 /* Discount.swift */; };
		7A8CE55F240B05D0000E5AD2 /* DiscountResponseModel.swift in Sources */ = {isa = PBXBuildFile; fileRef = 7A8CE54F240B05D0000E5AD2 /* DiscountResponseModel.swift */; };
		7A8CE560240B05D0000E5AD2 /* ViewOption.swift in Sources */ = {isa = PBXBuildFile; fileRef = 7A8CE551240B05D0000E5AD2 /* ViewOption.swift */; };
		7A8CE561240B05D0000E5AD2 /* ActionResponseModel.swift in Sources */ = {isa = PBXBuildFile; fileRef = 7A8CE552240B05D0000E5AD2 /* ActionResponseModel.swift */; };
		7A8CE562240B05D0000E5AD2 /* TenderMedia.swift in Sources */ = {isa = PBXBuildFile; fileRef = 7A8CE553240B05D0000E5AD2 /* TenderMedia.swift */; };
		7A8CE563240B05D0000E5AD2 /* Table.swift in Sources */ = {isa = PBXBuildFile; fileRef = 7A8CE555240B05D0000E5AD2 /* Table.swift */; };
		7A8CE564240B05D0000E5AD2 /* RevenueCenter.swift in Sources */ = {isa = PBXBuildFile; fileRef = 7A8CE556240B05D0000E5AD2 /* RevenueCenter.swift */; };
		7A8CE565240B05D0000E5AD2 /* TablesResponseModel.swift in Sources */ = {isa = PBXBuildFile; fileRef = 7A8CE557240B05D0000E5AD2 /* TablesResponseModel.swift */; };
		7A8CE566240B05D0000E5AD2 /* MenuItem.swift in Sources */ = {isa = PBXBuildFile; fileRef = 7A8CE559240B05D0000E5AD2 /* MenuItem.swift */; };
		7A8CE568240B05D0000E5AD2 /* ProductResponseModel.swift in Sources */ = {isa = PBXBuildFile; fileRef = 7A8CE55B240B05D0000E5AD2 /* ProductResponseModel.swift */; };
		7A8CE56E240B12B9000E5AD2 /* LoginViewController.swift in Sources */ = {isa = PBXBuildFile; fileRef = 7A8CE56D240B12B9000E5AD2 /* LoginViewController.swift */; };
		7A8CE570240B12F8000E5AD2 /* BaseViewController.swift in Sources */ = {isa = PBXBuildFile; fileRef = 7A8CE56F240B12F8000E5AD2 /* BaseViewController.swift */; };
		7A8CE573240B14D5000E5AD2 /* LoadingHandler.swift in Sources */ = {isa = PBXBuildFile; fileRef = 7A8CE572240B14D5000E5AD2 /* LoadingHandler.swift */; };
		7A8CE575240B151A000E5AD2 /* simpra-liquid-loading.json in Resources */ = {isa = PBXBuildFile; fileRef = 7A8CE574240B151A000E5AD2 /* simpra-liquid-loading.json */; };
		7A8CE579240B19EE000E5AD2 /* Login.storyboard in Resources */ = {isa = PBXBuildFile; fileRef = 7A8CE578240B19EE000E5AD2 /* Login.storyboard */; };
		7A8CE57D240B1B72000E5AD2 /* BaseRoundedTextFied.swift in Sources */ = {isa = PBXBuildFile; fileRef = 7A8CE57C240B1B72000E5AD2 /* BaseRoundedTextFied.swift */; };
		7A8CE580240B1BCB000E5AD2 /* UIColor.swift in Sources */ = {isa = PBXBuildFile; fileRef = 7A8CE57F240B1BCA000E5AD2 /* UIColor.swift */; };
		7A8CE582240B1C29000E5AD2 /* UIFont.swift in Sources */ = {isa = PBXBuildFile; fileRef = 7A8CE581240B1C29000E5AD2 /* UIFont.swift */; };
		7A8CE585240B1E9C000E5AD2 /* RoundedButton.swift in Sources */ = {isa = PBXBuildFile; fileRef = 7A8CE584240B1E9C000E5AD2 /* RoundedButton.swift */; };
		7A8CE589240B2365000E5AD2 /* SplashScreen.storyboard in Resources */ = {isa = PBXBuildFile; fileRef = 7A8CE587240B2364000E5AD2 /* SplashScreen.storyboard */; };
		7A8CE58A240B2365000E5AD2 /* SplashScreenViewController.swift in Sources */ = {isa = PBXBuildFile; fileRef = 7A8CE588240B2365000E5AD2 /* SplashScreenViewController.swift */; };
		7A8CE58C240B245F000E5AD2 /* StoryBoard.swift in Sources */ = {isa = PBXBuildFile; fileRef = 7A8CE58B240B245F000E5AD2 /* StoryBoard.swift */; };
		7A8CE58E240B2527000E5AD2 /* UIViewController.swift in Sources */ = {isa = PBXBuildFile; fileRef = 7A8CE58D240B2527000E5AD2 /* UIViewController.swift */; };
		7ACCA42E2409934300150248 /* default.realm in Resources */ = {isa = PBXBuildFile; fileRef = 7ACCA42D2409934300150248 /* default.realm */; };
		7ACCA4442409EC3300150248 /* SectionResponse.swift in Sources */ = {isa = PBXBuildFile; fileRef = 7ACCA4422409EC3300150248 /* SectionResponse.swift */; };
		7ACCA4452409EC3300150248 /* Section.swift in Sources */ = {isa = PBXBuildFile; fileRef = 7ACCA4432409EC3300150248 /* Section.swift */; };
		7ACCA44B2409EC7F00150248 /* Group.swift in Sources */ = {isa = PBXBuildFile; fileRef = 7ACCA4472409EC7E00150248 /* Group.swift */; };
		7ACCA44C2409EC7F00150248 /* MenuItemCountByGroup.swift in Sources */ = {isa = PBXBuildFile; fileRef = 7ACCA4482409EC7E00150248 /* MenuItemCountByGroup.swift */; };
		7ACCA44D2409EC7F00150248 /* MenuItemGroup.swift in Sources */ = {isa = PBXBuildFile; fileRef = 7ACCA4492409EC7E00150248 /* MenuItemGroup.swift */; };
		7ACCA44E2409EC7F00150248 /* GroupsResponseModel.swift in Sources */ = {isa = PBXBuildFile; fileRef = 7ACCA44A2409EC7E00150248 /* GroupsResponseModel.swift */; };
		7AEFE48C2408301700688933 /* AppDelegate.swift in Sources */ = {isa = PBXBuildFile; fileRef = 7AEFE48B2408301700688933 /* AppDelegate.swift */; };
		7AEFE48E2408301700688933 /* FastFoodViewController.swift in Sources */ = {isa = PBXBuildFile; fileRef = 7AEFE48D2408301700688933 /* FastFoodViewController.swift */; };
		7AEFE4912408301700688933 /* Main.storyboard in Resources */ = {isa = PBXBuildFile; fileRef = 7AEFE48F2408301700688933 /* Main.storyboard */; };
		7AEFE4942408301700688933 /* SimpraApp.xcdatamodeld in Sources */ = {isa = PBXBuildFile; fileRef = 7AEFE4922408301700688933 /* SimpraApp.xcdatamodeld */; };
		7AEFE4962408301900688933 /* Assets.xcassets in Resources */ = {isa = PBXBuildFile; fileRef = 7AEFE4952408301900688933 /* Assets.xcassets */; };
		7AEFE4992408301900688933 /* LaunchScreen.storyboard in Resources */ = {isa = PBXBuildFile; fileRef = 7AEFE4972408301900688933 /* LaunchScreen.storyboard */; };
		7AEFE4A22408315E00688933 /* NetworkManager.swift in Sources */ = {isa = PBXBuildFile; fileRef = 7AEFE4A12408315E00688933 /* NetworkManager.swift */; };
		ACE7A40809FA07BE197BA749 /* Pods_SimpraApp.framework in Frameworks */ = {isa = PBXBuildFile; fileRef = 7BA8209A2293C8F33E394472 /* Pods_SimpraApp.framework */; };
/* End PBXBuildFile section */

/* Begin PBXFileReference section */
		73117C4B9D6894E6EB8DDFA3 /* Pods-SimpraApp.debug.xcconfig */ = {isa = PBXFileReference; includeInIndex = 1; lastKnownFileType = text.xcconfig; name = "Pods-SimpraApp.debug.xcconfig"; path = "Target Support Files/Pods-SimpraApp/Pods-SimpraApp.debug.xcconfig"; sourceTree = "<group>"; };
		7A37BCBC240B3880005AA776 /* UIView.swift */ = {isa = PBXFileReference; lastKnownFileType = sourcecode.swift; path = UIView.swift; sourceTree = "<group>"; };
		7A37BCBE240B46EC005AA776 /* ProductPreviewCell.swift */ = {isa = PBXFileReference; fileEncoding = 4; lastKnownFileType = sourcecode.swift; path = ProductPreviewCell.swift; sourceTree = "<group>"; };
		7A37BCBF240B46ED005AA776 /* ProductPreviewCell.xib */ = {isa = PBXFileReference; fileEncoding = 4; lastKnownFileType = file.xib; path = ProductPreviewCell.xib; sourceTree = "<group>"; };
		7A42F2E0240B25D7009B94A2 /* StoryBoardable.swift */ = {isa = PBXFileReference; lastKnownFileType = sourcecode.swift; path = StoryBoardable.swift; sourceTree = "<group>"; };
		7A42F2E2240B2D06009B94A2 /* DataManager.swift */ = {isa = PBXFileReference; lastKnownFileType = sourcecode.swift; path = DataManager.swift; sourceTree = "<group>"; };
		7A42F2E4240B31FA009B94A2 /* FastFoodViewController+Navbar.swift */ = {isa = PBXFileReference; lastKnownFileType = sourcecode.swift; path = "FastFoodViewController+Navbar.swift"; sourceTree = "<group>"; };
		7A42F2E6240BC914009B94A2 /* SimpraLabel.swift */ = {isa = PBXFileReference; lastKnownFileType = sourcecode.swift; path = SimpraLabel.swift; sourceTree = "<group>"; };
		7A42F2E9240BE5BC009B94A2 /* SegmentView.xib */ = {isa = PBXFileReference; fileEncoding = 4; lastKnownFileType = file.xib; path = SegmentView.xib; sourceTree = "<group>"; };
		7A42F2EA240BE5BC009B94A2 /* SegmentView.swift */ = {isa = PBXFileReference; fileEncoding = 4; lastKnownFileType = sourcecode.swift; path = SegmentView.swift; sourceTree = "<group>"; };
		7A42F2ED240BE5D9009B94A2 /* SegmentOfCollectionVCell.xib */ = {isa = PBXFileReference; fileEncoding = 4; lastKnownFileType = file.xib; path = SegmentOfCollectionVCell.xib; sourceTree = "<group>"; };
		7A42F2EE240BE5D9009B94A2 /* SegmentOfCollectionVCell.swift */ = {isa = PBXFileReference; fileEncoding = 4; lastKnownFileType = sourcecode.swift; path = SegmentOfCollectionVCell.swift; sourceTree = "<group>"; };
		7A42F2F1240BE6A1009B94A2 /* Reusable.swift */ = {isa = PBXFileReference; fileEncoding = 4; lastKnownFileType = sourcecode.swift; path = Reusable.swift; sourceTree = "<group>"; };
		7A42F2F3240BE6BA009B94A2 /* NibLoadable.swift */ = {isa = PBXFileReference; fileEncoding = 4; lastKnownFileType = sourcecode.swift; path = NibLoadable.swift; sourceTree = "<group>"; };
		7A42F2F5240BE6E9009B94A2 /* UIView+Additions.swift */ = {isa = PBXFileReference; fileEncoding = 4; lastKnownFileType = sourcecode.swift; path = "UIView+Additions.swift"; sourceTree = "<group>"; };
		7A42F2F7240C54C0009B94A2 /* SubSegmentOfCollectionVCell.xib */ = {isa = PBXFileReference; fileEncoding = 4; lastKnownFileType = file.xib; path = SubSegmentOfCollectionVCell.xib; sourceTree = "<group>"; };
		7A42F2F8240C54C0009B94A2 /* SubSegmentOfCollectionVCell.swift */ = {isa = PBXFileReference; fileEncoding = 4; lastKnownFileType = sourcecode.swift; path = SubSegmentOfCollectionVCell.swift; sourceTree = "<group>"; };
		7A42F2FB240CF97C009B94A2 /* Constants.swift */ = {isa = PBXFileReference; lastKnownFileType = sourcecode.swift; path = Constants.swift; sourceTree = "<group>"; };
		7A42F2FF240EE23E009B94A2 /* SettingViewController.swift */ = {isa = PBXFileReference; lastKnownFileType = sourcecode.swift; path = SettingViewController.swift; sourceTree = "<group>"; };
		7A42F301240EE7C0009B94A2 /* SettingButton.swift */ = {isa = PBXFileReference; lastKnownFileType = sourcecode.swift; path = SettingButton.swift; sourceTree = "<group>"; };
		7A42F303240EF3C1009B94A2 /* SettingTableViewCell..swift */ = {isa = PBXFileReference; fileEncoding = 4; lastKnownFileType = sourcecode.swift; path = SettingTableViewCell..swift; sourceTree = "<group>"; };
		7A42F304240EF3C1009B94A2 /* SettingTableViewCell.xib */ = {isa = PBXFileReference; fileEncoding = 4; lastKnownFileType = file.xib; path = SettingTableViewCell.xib; sourceTree = "<group>"; };
		7A42F307240EFD46009B94A2 /* CoverOperationsViewController.swift */ = {isa = PBXFileReference; lastKnownFileType = sourcecode.swift; path = CoverOperationsViewController.swift; sourceTree = "<group>"; };
		7A7151AD240F9F900013CBC1 /* CoverOperationCellTableViewCell.swift */ = {isa = PBXFileReference; lastKnownFileType = sourcecode.swift; path = CoverOperationCellTableViewCell.swift; sourceTree = "<group>"; };
		7A7151AE240F9F900013CBC1 /* CoverOperationCellTableViewCell.xib */ = {isa = PBXFileReference; lastKnownFileType = file.xib; path = CoverOperationCellTableViewCell.xib; sourceTree = "<group>"; };
		7A7151B5241036E50013CBC1 /* StepperButton.swift */ = {isa = PBXFileReference; lastKnownFileType = sourcecode.swift; path = StepperButton.swift; sourceTree = "<group>"; };
		7A7151C22410EFC20013CBC1 /* EmployeeModel.swift */ = {isa = PBXFileReference; fileEncoding = 4; lastKnownFileType = sourcecode.swift; path = EmployeeModel.swift; sourceTree = "<group>"; };
		7A7151C4241123930013CBC1 /* SimpraNotify.swift */ = {isa = PBXFileReference; lastKnownFileType = sourcecode.swift; path = SimpraNotify.swift; sourceTree = "<group>"; };
		7A878DA724085A9200DA473B /* SimpraDB.swift */ = {isa = PBXFileReference; lastKnownFileType = sourcecode.swift; path = SimpraDB.swift; sourceTree = "<group>"; };
		7A878DB024085C9F00DA473B /* Enums.swift */ = {isa = PBXFileReference; lastKnownFileType = sourcecode.swift; path = Enums.swift; sourceTree = "<group>"; };
		7A8CE54B240B05D0000E5AD2 /* EmployeesResponseModel.swift */ = {isa = PBXFileReference; fileEncoding = 4; lastKnownFileType = sourcecode.swift; path = EmployeesResponseModel.swift; sourceTree = "<group>"; };
		7A8CE54C240B05D0000E5AD2 /* Employee.swift */ = {isa = PBXFileReference; fileEncoding = 4; lastKnownFileType = sourcecode.swift; path = Employee.swift; sourceTree = "<group>"; };
		7A8CE54E240B05D0000E5AD2 /* Discount.swift */ = {isa = PBXFileReference; fileEncoding = 4; lastKnownFileType = sourcecode.swift; path = Discount.swift; sourceTree = "<group>"; };
		7A8CE54F240B05D0000E5AD2 /* DiscountResponseModel.swift */ = {isa = PBXFileReference; fileEncoding = 4; lastKnownFileType = sourcecode.swift; path = DiscountResponseModel.swift; sourceTree = "<group>"; };
		7A8CE551240B05D0000E5AD2 /* ViewOption.swift */ = {isa = PBXFileReference; fileEncoding = 4; lastKnownFileType = sourcecode.swift; path = ViewOption.swift; sourceTree = "<group>"; };
		7A8CE552240B05D0000E5AD2 /* ActionResponseModel.swift */ = {isa = PBXFileReference; fileEncoding = 4; lastKnownFileType = sourcecode.swift; path = ActionResponseModel.swift; sourceTree = "<group>"; };
		7A8CE553240B05D0000E5AD2 /* TenderMedia.swift */ = {isa = PBXFileReference; fileEncoding = 4; lastKnownFileType = sourcecode.swift; path = TenderMedia.swift; sourceTree = "<group>"; };
		7A8CE555240B05D0000E5AD2 /* Table.swift */ = {isa = PBXFileReference; fileEncoding = 4; lastKnownFileType = sourcecode.swift; path = Table.swift; sourceTree = "<group>"; };
		7A8CE556240B05D0000E5AD2 /* RevenueCenter.swift */ = {isa = PBXFileReference; fileEncoding = 4; lastKnownFileType = sourcecode.swift; path = RevenueCenter.swift; sourceTree = "<group>"; };
		7A8CE557240B05D0000E5AD2 /* TablesResponseModel.swift */ = {isa = PBXFileReference; fileEncoding = 4; lastKnownFileType = sourcecode.swift; path = TablesResponseModel.swift; sourceTree = "<group>"; };
		7A8CE559240B05D0000E5AD2 /* MenuItem.swift */ = {isa = PBXFileReference; fileEncoding = 4; lastKnownFileType = sourcecode.swift; path = MenuItem.swift; sourceTree = "<group>"; };
		7A8CE55B240B05D0000E5AD2 /* ProductResponseModel.swift */ = {isa = PBXFileReference; fileEncoding = 4; lastKnownFileType = sourcecode.swift; path = ProductResponseModel.swift; sourceTree = "<group>"; };
		7A8CE56D240B12B9000E5AD2 /* LoginViewController.swift */ = {isa = PBXFileReference; lastKnownFileType = sourcecode.swift; path = LoginViewController.swift; sourceTree = "<group>"; };
		7A8CE56F240B12F8000E5AD2 /* BaseViewController.swift */ = {isa = PBXFileReference; lastKnownFileType = sourcecode.swift; path = BaseViewController.swift; sourceTree = "<group>"; };
		7A8CE572240B14D5000E5AD2 /* LoadingHandler.swift */ = {isa = PBXFileReference; lastKnownFileType = sourcecode.swift; path = LoadingHandler.swift; sourceTree = "<group>"; };
		7A8CE574240B151A000E5AD2 /* simpra-liquid-loading.json */ = {isa = PBXFileReference; fileEncoding = 4; lastKnownFileType = text.json; path = "simpra-liquid-loading.json"; sourceTree = "<group>"; };
		7A8CE578240B19EE000E5AD2 /* Login.storyboard */ = {isa = PBXFileReference; lastKnownFileType = file.storyboard; path = Login.storyboard; sourceTree = "<group>"; };
		7A8CE57C240B1B72000E5AD2 /* BaseRoundedTextFied.swift */ = {isa = PBXFileReference; lastKnownFileType = sourcecode.swift; path = BaseRoundedTextFied.swift; sourceTree = "<group>"; };
		7A8CE57F240B1BCA000E5AD2 /* UIColor.swift */ = {isa = PBXFileReference; lastKnownFileType = sourcecode.swift; path = UIColor.swift; sourceTree = "<group>"; };
		7A8CE581240B1C29000E5AD2 /* UIFont.swift */ = {isa = PBXFileReference; lastKnownFileType = sourcecode.swift; path = UIFont.swift; sourceTree = "<group>"; };
		7A8CE584240B1E9C000E5AD2 /* RoundedButton.swift */ = {isa = PBXFileReference; lastKnownFileType = sourcecode.swift; path = RoundedButton.swift; sourceTree = "<group>"; };
		7A8CE587240B2364000E5AD2 /* SplashScreen.storyboard */ = {isa = PBXFileReference; fileEncoding = 4; lastKnownFileType = file.storyboard; path = SplashScreen.storyboard; sourceTree = "<group>"; };
		7A8CE588240B2365000E5AD2 /* SplashScreenViewController.swift */ = {isa = PBXFileReference; fileEncoding = 4; lastKnownFileType = sourcecode.swift; path = SplashScreenViewController.swift; sourceTree = "<group>"; };
		7A8CE58B240B245F000E5AD2 /* StoryBoard.swift */ = {isa = PBXFileReference; lastKnownFileType = sourcecode.swift; path = StoryBoard.swift; sourceTree = "<group>"; };
		7A8CE58D240B2527000E5AD2 /* UIViewController.swift */ = {isa = PBXFileReference; lastKnownFileType = sourcecode.swift; path = UIViewController.swift; sourceTree = "<group>"; };
		7ACCA42D2409934300150248 /* default.realm */ = {isa = PBXFileReference; lastKnownFileType = file; path = default.realm; sourceTree = "<group>"; };
		7ACCA4422409EC3300150248 /* SectionResponse.swift */ = {isa = PBXFileReference; fileEncoding = 4; lastKnownFileType = sourcecode.swift; path = SectionResponse.swift; sourceTree = "<group>"; };
		7ACCA4432409EC3300150248 /* Section.swift */ = {isa = PBXFileReference; fileEncoding = 4; lastKnownFileType = sourcecode.swift; path = Section.swift; sourceTree = "<group>"; };
		7ACCA4472409EC7E00150248 /* Group.swift */ = {isa = PBXFileReference; fileEncoding = 4; lastKnownFileType = sourcecode.swift; path = Group.swift; sourceTree = "<group>"; };
		7ACCA4482409EC7E00150248 /* MenuItemCountByGroup.swift */ = {isa = PBXFileReference; fileEncoding = 4; lastKnownFileType = sourcecode.swift; path = MenuItemCountByGroup.swift; sourceTree = "<group>"; };
		7ACCA4492409EC7E00150248 /* MenuItemGroup.swift */ = {isa = PBXFileReference; fileEncoding = 4; lastKnownFileType = sourcecode.swift; path = MenuItemGroup.swift; sourceTree = "<group>"; };
		7ACCA44A2409EC7E00150248 /* GroupsResponseModel.swift */ = {isa = PBXFileReference; fileEncoding = 4; lastKnownFileType = sourcecode.swift; path = GroupsResponseModel.swift; sourceTree = "<group>"; };
		7AEFE4882408301700688933 /* SimpraApp.app */ = {isa = PBXFileReference; explicitFileType = wrapper.application; includeInIndex = 0; path = SimpraApp.app; sourceTree = BUILT_PRODUCTS_DIR; };
		7AEFE48B2408301700688933 /* AppDelegate.swift */ = {isa = PBXFileReference; lastKnownFileType = sourcecode.swift; path = AppDelegate.swift; sourceTree = "<group>"; };
		7AEFE48D2408301700688933 /* FastFoodViewController.swift */ = {isa = PBXFileReference; lastKnownFileType = sourcecode.swift; path = FastFoodViewController.swift; sourceTree = "<group>"; };
		7AEFE4902408301700688933 /* Base */ = {isa = PBXFileReference; lastKnownFileType = file.storyboard; name = Base; path = Base.lproj/Main.storyboard; sourceTree = "<group>"; };
		7AEFE4932408301700688933 /* SimpraApp.xcdatamodel */ = {isa = PBXFileReference; lastKnownFileType = wrapper.xcdatamodel; path = SimpraApp.xcdatamodel; sourceTree = "<group>"; };
		7AEFE4952408301900688933 /* Assets.xcassets */ = {isa = PBXFileReference; lastKnownFileType = folder.assetcatalog; path = Assets.xcassets; sourceTree = "<group>"; };
		7AEFE4982408301900688933 /* Base */ = {isa = PBXFileReference; lastKnownFileType = file.storyboard; name = Base; path = Base.lproj/LaunchScreen.storyboard; sourceTree = "<group>"; };
		7AEFE49A2408301900688933 /* Info.plist */ = {isa = PBXFileReference; lastKnownFileType = text.plist.xml; path = Info.plist; sourceTree = "<group>"; };
		7AEFE4A12408315E00688933 /* NetworkManager.swift */ = {isa = PBXFileReference; lastKnownFileType = sourcecode.swift; path = NetworkManager.swift; sourceTree = "<group>"; };
		7BA8209A2293C8F33E394472 /* Pods_SimpraApp.framework */ = {isa = PBXFileReference; explicitFileType = wrapper.framework; includeInIndex = 0; path = Pods_SimpraApp.framework; sourceTree = BUILT_PRODUCTS_DIR; };
		D4F6FD1355C58E4D6CE2ADD9 /* Pods-SimpraApp.release.xcconfig */ = {isa = PBXFileReference; includeInIndex = 1; lastKnownFileType = text.xcconfig; name = "Pods-SimpraApp.release.xcconfig"; path = "Target Support Files/Pods-SimpraApp/Pods-SimpraApp.release.xcconfig"; sourceTree = "<group>"; };
/* End PBXFileReference section */

/* Begin PBXFrameworksBuildPhase section */
		7AEFE4852408301700688933 /* Frameworks */ = {
			isa = PBXFrameworksBuildPhase;
			buildActionMask = 2147483647;
			files = (
				ACE7A40809FA07BE197BA749 /* Pods_SimpraApp.framework in Frameworks */,
			);
			runOnlyForDeploymentPostprocessing = 0;
		};
/* End PBXFrameworksBuildPhase section */

/* Begin PBXGroup section */
		7A42F2E8240BE5A5009B94A2 /* tabSections */ = {
			isa = PBXGroup;
			children = (
				7A42F2F8240C54C0009B94A2 /* SubSegmentOfCollectionVCell.swift */,
				7A42F2F7240C54C0009B94A2 /* SubSegmentOfCollectionVCell.xib */,
				7A42F2EE240BE5D9009B94A2 /* SegmentOfCollectionVCell.swift */,
				7A42F2ED240BE5D9009B94A2 /* SegmentOfCollectionVCell.xib */,
				7A42F2EA240BE5BC009B94A2 /* SegmentView.swift */,
				7A42F2E9240BE5BC009B94A2 /* SegmentView.xib */,
			);
			path = tabSections;
			sourceTree = "<group>";
		};
		7A7151A9240F9F3C0013CBC1 /* settingCell */ = {
			isa = PBXGroup;
			children = (
				7A42F304240EF3C1009B94A2 /* SettingTableViewCell.xib */,
				7A42F303240EF3C1009B94A2 /* SettingTableViewCell..swift */,
			);
			path = settingCell;
			sourceTree = "<group>";
		};
		7A7151AA240F9F470013CBC1 /* operationCell */ = {
			isa = PBXGroup;
			children = (
				7A7151AD240F9F900013CBC1 /* CoverOperationCellTableViewCell.swift */,
				7A7151AE240F9F900013CBC1 /* CoverOperationCellTableViewCell.xib */,
			);
			path = operationCell;
			sourceTree = "<group>";
		};
		7A7151C12410EFB90013CBC1 /* Realm-Codable */ = {
			isa = PBXGroup;
			children = (
				7A7151C22410EFC20013CBC1 /* EmployeeModel.swift */,
			);
			path = "Realm-Codable";
			sourceTree = "<group>";
		};
		7A7151CB24126FC90013CBC1 /* Data */ = {
			isa = PBXGroup;
			children = (
				7ACCA42D2409934300150248 /* default.realm */,
				7A8CE574240B151A000E5AD2 /* simpra-liquid-loading.json */,
			);
			path = Data;
			sourceTree = "<group>";
		};
		7A7151CC241270700013CBC1 /* Main */ = {
			isa = PBXGroup;
			children = (
				7AEFE48F2408301700688933 /* Main.storyboard */,
			);
			path = Main;
			sourceTree = "<group>";
		};
		7A878D982408378C00DA473B /* Model */ = {
			isa = PBXGroup;
			children = (
				7A878DB024085C9F00DA473B /* Enums.swift */,
				7A7151C12410EFB90013CBC1 /* Realm-Codable */,
				7A8CE550240B05D0000E5AD2 /* ActionResponseModel */,
				7A8CE54D240B05D0000E5AD2 /* DiscountResponse */,
				7A8CE54A240B05D0000E5AD2 /* EmployeesResponseModel */,
				7A8CE558240B05D0000E5AD2 /* ProductResponse */,
				7A8CE554240B05D0000E5AD2 /* TablesResponseModel */,
				7ACCA4462409EC7400150248 /* GroupdResponse */,
				7ACCA4362409EB1300150248 /* SectionResponse */,
			);
			path = Model;
			sourceTree = "<group>";
		};
		7A878DA624085A6500DA473B /* Realm */ = {
			isa = PBXGroup;
			children = (
				7A878DA724085A9200DA473B /* SimpraDB.swift */,
			);
			path = Realm;
			sourceTree = "<group>";
		};
		7A8CE54A240B05D0000E5AD2 /* EmployeesResponseModel */ = {
			isa = PBXGroup;
			children = (
				7A8CE54B240B05D0000E5AD2 /* EmployeesResponseModel.swift */,
				7A8CE54C240B05D0000E5AD2 /* Employee.swift */,
			);
			path = EmployeesResponseModel;
			sourceTree = "<group>";
		};
		7A8CE54D240B05D0000E5AD2 /* DiscountResponse */ = {
			isa = PBXGroup;
			children = (
				7A8CE54E240B05D0000E5AD2 /* Discount.swift */,
				7A8CE54F240B05D0000E5AD2 /* DiscountResponseModel.swift */,
			);
			path = DiscountResponse;
			sourceTree = "<group>";
		};
		7A8CE550240B05D0000E5AD2 /* ActionResponseModel */ = {
			isa = PBXGroup;
			children = (
				7A8CE551240B05D0000E5AD2 /* ViewOption.swift */,
				7A8CE552240B05D0000E5AD2 /* ActionResponseModel.swift */,
				7A8CE553240B05D0000E5AD2 /* TenderMedia.swift */,
			);
			path = ActionResponseModel;
			sourceTree = "<group>";
		};
		7A8CE554240B05D0000E5AD2 /* TablesResponseModel */ = {
			isa = PBXGroup;
			children = (
				7A8CE555240B05D0000E5AD2 /* Table.swift */,
				7A8CE556240B05D0000E5AD2 /* RevenueCenter.swift */,
				7A8CE557240B05D0000E5AD2 /* TablesResponseModel.swift */,
			);
			path = TablesResponseModel;
			sourceTree = "<group>";
		};
		7A8CE558240B05D0000E5AD2 /* ProductResponse */ = {
			isa = PBXGroup;
			children = (
				7A8CE559240B05D0000E5AD2 /* MenuItem.swift */,
				7A8CE55B240B05D0000E5AD2 /* ProductResponseModel.swift */,
			);
			path = ProductResponse;
			sourceTree = "<group>";
		};
		7A8CE569240B1158000E5AD2 /* Component */ = {
			isa = PBXGroup;
			children = (
				7A8CE57B240B1B4D000E5AD2 /* views */,
				7A7151B5241036E50013CBC1 /* StepperButton.swift */,
				7A42F301240EE7C0009B94A2 /* SettingButton.swift */,
				7A7151C4241123930013CBC1 /* SimpraNotify.swift */,
			);
			path = Component;
			sourceTree = "<group>";
		};
		7A8CE56A240B1165000E5AD2 /* Helper */ = {
			isa = PBXGroup;
			children = (
				7A878DA624085A6500DA473B /* Realm */,
				7A42F2E2240B2D06009B94A2 /* DataManager.swift */,
			);
			path = Helper;
			sourceTree = "<group>";
		};
		7A8CE571240B14B4000E5AD2 /* Protocol */ = {
			isa = PBXGroup;
			children = (
				7A42F2F3240BE6BA009B94A2 /* NibLoadable.swift */,
				7A8CE572240B14D5000E5AD2 /* LoadingHandler.swift */,
				7A42F2E0240B25D7009B94A2 /* StoryBoardable.swift */,
			);
			path = Protocol;
			sourceTree = "<group>";
		};
		7A8CE576240B1996000E5AD2 /* StoryBoard */ = {
			isa = PBXGroup;
			children = (
				7A7151CC241270700013CBC1 /* Main */,
				7A8CE586240B22EE000E5AD2 /* Launch */,
				7A8CE577240B19A2000E5AD2 /* Login */,
			);
			path = StoryBoard;
			sourceTree = "<group>";
		};
		7A8CE577240B19A2000E5AD2 /* Login */ = {
			isa = PBXGroup;
			children = (
				7A8CE578240B19EE000E5AD2 /* Login.storyboard */,
			);
			path = Login;
			sourceTree = "<group>";
		};
		7A8CE57A240B1A53000E5AD2 /* Controller */ = {
			isa = PBXGroup;
			children = (
				7A8CE56F240B12F8000E5AD2 /* BaseViewController.swift */,
				7A8CE588240B2365000E5AD2 /* SplashScreenViewController.swift */,
				7AEFE48B2408301700688933 /* AppDelegate.swift */,
				7A8CE56D240B12B9000E5AD2 /* LoginViewController.swift */,
				7AEFE48D2408301700688933 /* FastFoodViewController.swift */,
				7A42F2E4240B31FA009B94A2 /* FastFoodViewController+Navbar.swift */,
				7A42F2FF240EE23E009B94A2 /* SettingViewController.swift */,
				7A42F307240EFD46009B94A2 /* CoverOperationsViewController.swift */,
			);
			path = Controller;
			sourceTree = "<group>";
		};
		7A8CE57B240B1B4D000E5AD2 /* views */ = {
			isa = PBXGroup;
			children = (
				7A7151AA240F9F470013CBC1 /* operationCell */,
				7A7151A9240F9F3C0013CBC1 /* settingCell */,
				7A42F2E8240BE5A5009B94A2 /* tabSections */,
				7A8CE583240B1E8B000E5AD2 /* ProductCell */,
				7A8CE57C240B1B72000E5AD2 /* BaseRoundedTextFied.swift */,
				7A8CE584240B1E9C000E5AD2 /* RoundedButton.swift */,
				7A42F2E6240BC914009B94A2 /* SimpraLabel.swift */,
			);
			path = views;
			sourceTree = "<group>";
		};
		7A8CE57E240B1BB6000E5AD2 /* Extensions */ = {
			isa = PBXGroup;
			children = (
				7A42F2F5240BE6E9009B94A2 /* UIView+Additions.swift */,
				7A42F2F1240BE6A1009B94A2 /* Reusable.swift */,
				7A8CE57F240B1BCA000E5AD2 /* UIColor.swift */,
				7A8CE581240B1C29000E5AD2 /* UIFont.swift */,
				7A8CE58B240B245F000E5AD2 /* StoryBoard.swift */,
				7A8CE58D240B2527000E5AD2 /* UIViewController.swift */,
				7A37BCBC240B3880005AA776 /* UIView.swift */,
				7A42F2FB240CF97C009B94A2 /* Constants.swift */,
			);
			path = Extensions;
			sourceTree = "<group>";
		};
		7A8CE583240B1E8B000E5AD2 /* ProductCell */ = {
			isa = PBXGroup;
			children = (
				7A37BCBE240B46EC005AA776 /* ProductPreviewCell.swift */,
				7A37BCBF240B46ED005AA776 /* ProductPreviewCell.xib */,
			);
			path = ProductCell;
			sourceTree = "<group>";
		};
		7A8CE586240B22EE000E5AD2 /* Launch */ = {
			isa = PBXGroup;
			children = (
				7A8CE587240B2364000E5AD2 /* SplashScreen.storyboard */,
			);
			path = Launch;
			sourceTree = "<group>";
		};
		7ACCA4362409EB1300150248 /* SectionResponse */ = {
			isa = PBXGroup;
			children = (
				7ACCA4432409EC3300150248 /* Section.swift */,
				7ACCA4422409EC3300150248 /* SectionResponse.swift */,
			);
			path = SectionResponse;
			sourceTree = "<group>";
		};
		7ACCA4462409EC7400150248 /* GroupdResponse */ = {
			isa = PBXGroup;
			children = (
				7ACCA4472409EC7E00150248 /* Group.swift */,
				7ACCA44A2409EC7E00150248 /* GroupsResponseModel.swift */,
				7ACCA4482409EC7E00150248 /* MenuItemCountByGroup.swift */,
				7ACCA4492409EC7E00150248 /* MenuItemGroup.swift */,
			);
			path = GroupdResponse;
			sourceTree = "<group>";
		};
		7AEFE47F2408301700688933 = {
			isa = PBXGroup;
			children = (
				7AEFE48A2408301700688933 /* SimpraApp */,
				7AEFE4892408301700688933 /* Products */,
				DD521074B2E40655818A04A5 /* Pods */,
				E345F99D7532FE1781F468D1 /* Frameworks */,
			);
			sourceTree = "<group>";
		};
		7AEFE4892408301700688933 /* Products */ = {
			isa = PBXGroup;
			children = (
				7AEFE4882408301700688933 /* SimpraApp.app */,
			);
			name = Products;
			sourceTree = "<group>";
		};
		7AEFE48A2408301700688933 /* SimpraApp */ = {
			isa = PBXGroup;
			children = (
				7A7151CB24126FC90013CBC1 /* Data */,
				7A8CE57E240B1BB6000E5AD2 /* Extensions */,
				7A8CE57A240B1A53000E5AD2 /* Controller */,
				7A8CE576240B1996000E5AD2 /* StoryBoard */,
				7A8CE571240B14B4000E5AD2 /* Protocol */,
				7A8CE56A240B1165000E5AD2 /* Helper */,
				7A8CE569240B1158000E5AD2 /* Component */,
				7A878D982408378C00DA473B /* Model */,
				7AEFE4A02408314500688933 /* Network */,
				7AEFE4952408301900688933 /* Assets.xcassets */,
				7AEFE4972408301900688933 /* LaunchScreen.storyboard */,
				7AEFE49A2408301900688933 /* Info.plist */,
				7AEFE4922408301700688933 /* SimpraApp.xcdatamodeld */,
			);
			path = SimpraApp;
			sourceTree = "<group>";
		};
		7AEFE4A02408314500688933 /* Network */ = {
			isa = PBXGroup;
			children = (
				7AEFE4A12408315E00688933 /* NetworkManager.swift */,
			);
			path = Network;
			sourceTree = "<group>";
		};
		DD521074B2E40655818A04A5 /* Pods */ = {
			isa = PBXGroup;
			children = (
				73117C4B9D6894E6EB8DDFA3 /* Pods-SimpraApp.debug.xcconfig */,
				D4F6FD1355C58E4D6CE2ADD9 /* Pods-SimpraApp.release.xcconfig */,
			);
			path = Pods;
			sourceTree = "<group>";
		};
		E345F99D7532FE1781F468D1 /* Frameworks */ = {
			isa = PBXGroup;
			children = (
				7BA8209A2293C8F33E394472 /* Pods_SimpraApp.framework */,
			);
			name = Frameworks;
			sourceTree = "<group>";
		};
/* End PBXGroup section */

/* Begin PBXNativeTarget section */
		7AEFE4872408301700688933 /* SimpraApp */ = {
			isa = PBXNativeTarget;
			buildConfigurationList = 7AEFE49D2408301900688933 /* Build configuration list for PBXNativeTarget "SimpraApp" */;
			buildPhases = (
				7382BC05C879B9BF76F37201 /* [CP] Check Pods Manifest.lock */,
				7AEFE4842408301700688933 /* Sources */,
				7AEFE4852408301700688933 /* Frameworks */,
				7AEFE4862408301700688933 /* Resources */,
				B89BEAF51310E56C50EDA1BA /* [CP] Embed Pods Frameworks */,
			);
			buildRules = (
			);
			dependencies = (
			);
			name = SimpraApp;
			productName = SimpraApp;
			productReference = 7AEFE4882408301700688933 /* SimpraApp.app */;
			productType = "com.apple.product-type.application";
		};
/* End PBXNativeTarget section */

/* Begin PBXProject section */
		7AEFE4802408301700688933 /* Project object */ = {
			isa = PBXProject;
			attributes = {
				LastSwiftUpdateCheck = 1010;
				LastUpgradeCheck = 1010;
				ORGANIZATIONNAME = "Mehmet Zeytin";
				TargetAttributes = {
					7AEFE4872408301700688933 = {
						CreatedOnToolsVersion = 10.1;
					};
				};
			};
			buildConfigurationList = 7AEFE4832408301700688933 /* Build configuration list for PBXProject "SimpraApp" */;
			compatibilityVersion = "Xcode 9.3";
			developmentRegion = en;
			hasScannedForEncodings = 0;
			knownRegions = (
				en,
				Base,
			);
			mainGroup = 7AEFE47F2408301700688933;
			productRefGroup = 7AEFE4892408301700688933 /* Products */;
			projectDirPath = "";
			projectRoot = "";
			targets = (
				7AEFE4872408301700688933 /* SimpraApp */,
			);
		};
/* End PBXProject section */

/* Begin PBXResourcesBuildPhase section */
		7AEFE4862408301700688933 /* Resources */ = {
			isa = PBXResourcesBuildPhase;
			buildActionMask = 2147483647;
			files = (
				7AEFE4992408301900688933 /* LaunchScreen.storyboard in Resources */,
				7A8CE589240B2365000E5AD2 /* SplashScreen.storyboard in Resources */,
				7A8CE575240B151A000E5AD2 /* simpra-liquid-loading.json in Resources */,
				7AEFE4962408301900688933 /* Assets.xcassets in Resources */,
				7A42F2EB240BE5BC009B94A2 /* SegmentView.xib in Resources */,
				7A42F306240EF3C1009B94A2 /* SettingTableViewCell.xib in Resources */,
				7ACCA42E2409934300150248 /* default.realm in Resources */,
				7A42F2EF240BE5D9009B94A2 /* SegmentOfCollectionVCell.xib in Resources */,
				7A7151B0240F9F900013CBC1 /* CoverOperationCellTableViewCell.xib in Resources */,
				7A37BCC1240B46ED005AA776 /* ProductPreviewCell.xib in Resources */,
				7A8CE579240B19EE000E5AD2 /* Login.storyboard in Resources */,
				7AEFE4912408301700688933 /* Main.storyboard in Resources */,
				7A42F2F9240C54C1009B94A2 /* SubSegmentOfCollectionVCell.xib in Resources */,
			);
			runOnlyForDeploymentPostprocessing = 0;
		};
/* End PBXResourcesBuildPhase section */

/* Begin PBXShellScriptBuildPhase section */
		7382BC05C879B9BF76F37201 /* [CP] Check Pods Manifest.lock */ = {
			isa = PBXShellScriptBuildPhase;
			buildActionMask = 2147483647;
			files = (
			);
			inputFileListPaths = (
			);
			inputPaths = (
				"${PODS_PODFILE_DIR_PATH}/Podfile.lock",
				"${PODS_ROOT}/Manifest.lock",
			);
			name = "[CP] Check Pods Manifest.lock";
			outputFileListPaths = (
			);
			outputPaths = (
				"$(DERIVED_FILE_DIR)/Pods-SimpraApp-checkManifestLockResult.txt",
			);
			runOnlyForDeploymentPostprocessing = 0;
			shellPath = /bin/sh;
			shellScript = "diff \"${PODS_PODFILE_DIR_PATH}/Podfile.lock\" \"${PODS_ROOT}/Manifest.lock\" > /dev/null\nif [ $? != 0 ] ; then\n    # print error to STDERR\n    echo \"error: The sandbox is not in sync with the Podfile.lock. Run 'pod install' or update your CocoaPods installation.\" >&2\n    exit 1\nfi\n# This output is used by Xcode 'outputs' to avoid re-running this script phase.\necho \"SUCCESS\" > \"${SCRIPT_OUTPUT_FILE_0}\"\n";
			showEnvVarsInLog = 0;
		};
		B89BEAF51310E56C50EDA1BA /* [CP] Embed Pods Frameworks */ = {
			isa = PBXShellScriptBuildPhase;
			buildActionMask = 2147483647;
			files = (
			);
			inputFileListPaths = (
				"${PODS_ROOT}/Target Support Files/Pods-SimpraApp/Pods-SimpraApp-frameworks-${CONFIGURATION}-input-files.xcfilelist",
			);
			name = "[CP] Embed Pods Frameworks";
			outputFileListPaths = (
				"${PODS_ROOT}/Target Support Files/Pods-SimpraApp/Pods-SimpraApp-frameworks-${CONFIGURATION}-output-files.xcfilelist",
			);
			runOnlyForDeploymentPostprocessing = 0;
			shellPath = /bin/sh;
			shellScript = "\"${PODS_ROOT}/Target Support Files/Pods-SimpraApp/Pods-SimpraApp-frameworks.sh\"\n";
			showEnvVarsInLog = 0;
		};
/* End PBXShellScriptBuildPhase section */

/* Begin PBXSourcesBuildPhase section */
		7AEFE4842408301700688933 /* Sources */ = {
			isa = PBXSourcesBuildPhase;
			buildActionMask = 2147483647;
			files = (
				7A8CE55E240B05D0000E5AD2 /* Discount.swift in Sources */,
				7ACCA4452409EC3300150248 /* Section.swift in Sources */,
				7A42F2E5240B31FA009B94A2 /* FastFoodViewController+Navbar.swift in Sources */,
				7A42F308240EFD46009B94A2 /* CoverOperationsViewController.swift in Sources */,
				7A42F2F4240BE6BA009B94A2 /* NibLoadable.swift in Sources */,
				7A8CE561240B05D0000E5AD2 /* ActionResponseModel.swift in Sources */,
				7A7151C32410EFC20013CBC1 /* EmployeeModel.swift in Sources */,
				7AEFE4A22408315E00688933 /* NetworkManager.swift in Sources */,
				7A8CE58A240B2365000E5AD2 /* SplashScreenViewController.swift in Sources */,
				7A42F2F0240BE5D9009B94A2 /* SegmentOfCollectionVCell.swift in Sources */,
				7A8CE570240B12F8000E5AD2 /* BaseViewController.swift in Sources */,
				7A37BCC0240B46ED005AA776 /* ProductPreviewCell.swift in Sources */,
				7ACCA44B2409EC7F00150248 /* Group.swift in Sources */,
				7AEFE48E2408301700688933 /* FastFoodViewController.swift in Sources */,
				7A42F2F2240BE6A1009B94A2 /* Reusable.swift in Sources */,
				7A8CE562240B05D0000E5AD2 /* TenderMedia.swift in Sources */,
				7ACCA44C2409EC7F00150248 /* MenuItemCountByGroup.swift in Sources */,
				7A8CE564240B05D0000E5AD2 /* RevenueCenter.swift in Sources */,
				7A37BCBD240B3880005AA776 /* UIView.swift in Sources */,
				7A8CE57D240B1B72000E5AD2 /* BaseRoundedTextFied.swift in Sources */,
				7A8CE563240B05D0000E5AD2 /* Table.swift in Sources */,
				7A8CE58E240B2527000E5AD2 /* UIViewController.swift in Sources */,
				7ACCA44E2409EC7F00150248 /* GroupsResponseModel.swift in Sources */,
				7A42F2E1240B25D7009B94A2 /* StoryBoardable.swift in Sources */,
				7A42F2FC240CF97C009B94A2 /* Constants.swift in Sources */,
				7A8CE55F240B05D0000E5AD2 /* DiscountResponseModel.swift in Sources */,
				7A8CE58C240B245F000E5AD2 /* StoryBoard.swift in Sources */,
				7A8CE582240B1C29000E5AD2 /* UIFont.swift in Sources */,
				7A8CE566240B05D0000E5AD2 /* MenuItem.swift in Sources */,
				7A42F2E7240BC914009B94A2 /* SimpraLabel.swift in Sources */,
				7A8CE568240B05D0000E5AD2 /* ProductResponseModel.swift in Sources */,
				7A8CE55C240B05D0000E5AD2 /* EmployeesResponseModel.swift in Sources */,
				7A42F2F6240BE6E9009B94A2 /* UIView+Additions.swift in Sources */,
				7A7151C5241123930013CBC1 /* SimpraNotify.swift in Sources */,
				7A8CE55D240B05D0000E5AD2 /* Employee.swift in Sources */,
				7A8CE580240B1BCB000E5AD2 /* UIColor.swift in Sources */,
				7AEFE48C2408301700688933 /* AppDelegate.swift in Sources */,
				7A8CE573240B14D5000E5AD2 /* LoadingHandler.swift in Sources */,
				7A7151AF240F9F900013CBC1 /* CoverOperationCellTableViewCell.swift in Sources */,
				7A7151B6241036E50013CBC1 /* StepperButton.swift in Sources */,
				7A42F2E3240B2D06009B94A2 /* DataManager.swift in Sources */,
				7ACCA4442409EC3300150248 /* SectionResponse.swift in Sources */,
				7A42F302240EE7C0009B94A2 /* SettingButton.swift in Sources */,
				7A878DB124085C9F00DA473B /* Enums.swift in Sources */,
				7A878DA824085A9200DA473B /* SimpraDB.swift in Sources */,
				7AEFE4942408301700688933 /* SimpraApp.xcdatamodeld in Sources */,
				7A8CE585240B1E9C000E5AD2 /* RoundedButton.swift in Sources */,
				7A42F2FA240C54C1009B94A2 /* SubSegmentOfCollectionVCell.swift in Sources */,
				7A42F305240EF3C1009B94A2 /* SettingTableViewCell..swift in Sources */,
				7ACCA44D2409EC7F00150248 /* MenuItemGroup.swift in Sources */,
				7A8CE560240B05D0000E5AD2 /* ViewOption.swift in Sources */,
				7A8CE56E240B12B9000E5AD2 /* LoginViewController.swift in Sources */,
				7A42F2EC240BE5BC009B94A2 /* SegmentView.swift in Sources */,
				7A42F300240EE23E009B94A2 /* SettingViewController.swift in Sources */,
				7A8CE565240B05D0000E5AD2 /* TablesResponseModel.swift in Sources */,
			);
			runOnlyForDeploymentPostprocessing = 0;
		};
/* End PBXSourcesBuildPhase section */

/* Begin PBXVariantGroup section */
		7AEFE48F2408301700688933 /* Main.storyboard */ = {
			isa = PBXVariantGroup;
			children = (
				7AEFE4902408301700688933 /* Base */,
			);
			name = Main.storyboard;
			sourceTree = "<group>";
		};
		7AEFE4972408301900688933 /* LaunchScreen.storyboard */ = {
			isa = PBXVariantGroup;
			children = (
				7AEFE4982408301900688933 /* Base */,
			);
			name = LaunchScreen.storyboard;
			sourceTree = "<group>";
		};
/* End PBXVariantGroup section */

/* Begin XCBuildConfiguration section */
		7AEFE49B2408301900688933 /* Debug */ = {
			isa = XCBuildConfiguration;
			buildSettings = {
				ALWAYS_SEARCH_USER_PATHS = NO;
				CLANG_ANALYZER_NONNULL = YES;
				CLANG_ANALYZER_NUMBER_OBJECT_CONVERSION = YES_AGGRESSIVE;
				CLANG_CXX_LANGUAGE_STANDARD = "gnu++14";
				CLANG_CXX_LIBRARY = "libc++";
				CLANG_ENABLE_MODULES = YES;
				CLANG_ENABLE_OBJC_ARC = YES;
				CLANG_ENABLE_OBJC_WEAK = YES;
				CLANG_WARN_BLOCK_CAPTURE_AUTORELEASING = YES;
				CLANG_WARN_BOOL_CONVERSION = YES;
				CLANG_WARN_COMMA = YES;
				CLANG_WARN_CONSTANT_CONVERSION = YES;
				CLANG_WARN_DEPRECATED_OBJC_IMPLEMENTATIONS = YES;
				CLANG_WARN_DIRECT_OBJC_ISA_USAGE = YES_ERROR;
				CLANG_WARN_DOCUMENTATION_COMMENTS = YES;
				CLANG_WARN_EMPTY_BODY = YES;
				CLANG_WARN_ENUM_CONVERSION = YES;
				CLANG_WARN_INFINITE_RECURSION = YES;
				CLANG_WARN_INT_CONVERSION = YES;
				CLANG_WARN_NON_LITERAL_NULL_CONVERSION = YES;
				CLANG_WARN_OBJC_IMPLICIT_RETAIN_SELF = YES;
				CLANG_WARN_OBJC_LITERAL_CONVERSION = YES;
				CLANG_WARN_OBJC_ROOT_CLASS = YES_ERROR;
				CLANG_WARN_RANGE_LOOP_ANALYSIS = YES;
				CLANG_WARN_STRICT_PROTOTYPES = YES;
				CLANG_WARN_SUSPICIOUS_MOVE = YES;
				CLANG_WARN_UNGUARDED_AVAILABILITY = YES_AGGRESSIVE;
				CLANG_WARN_UNREACHABLE_CODE = YES;
				CLANG_WARN__DUPLICATE_METHOD_MATCH = YES;
				CODE_SIGN_IDENTITY = "iPhone Developer";
				COPY_PHASE_STRIP = NO;
				DEBUG_INFORMATION_FORMAT = dwarf;
				ENABLE_STRICT_OBJC_MSGSEND = YES;
				ENABLE_TESTABILITY = YES;
				GCC_C_LANGUAGE_STANDARD = gnu11;
				GCC_DYNAMIC_NO_PIC = NO;
				GCC_NO_COMMON_BLOCKS = YES;
				GCC_OPTIMIZATION_LEVEL = 0;
				GCC_PREPROCESSOR_DEFINITIONS = (
					"DEBUG=1",
					"$(inherited)",
				);
				GCC_WARN_64_TO_32_BIT_CONVERSION = YES;
				GCC_WARN_ABOUT_RETURN_TYPE = YES_ERROR;
				GCC_WARN_UNDECLARED_SELECTOR = YES;
				GCC_WARN_UNINITIALIZED_AUTOS = YES_AGGRESSIVE;
				GCC_WARN_UNUSED_FUNCTION = YES;
				GCC_WARN_UNUSED_VARIABLE = YES;
				IPHONEOS_DEPLOYMENT_TARGET = 10.0;
				MTL_ENABLE_DEBUG_INFO = INCLUDE_SOURCE;
				MTL_FAST_MATH = YES;
				ONLY_ACTIVE_ARCH = YES;
				SDKROOT = iphoneos;
				SWIFT_ACTIVE_COMPILATION_CONDITIONS = DEBUG;
				SWIFT_OPTIMIZATION_LEVEL = "-Onone";
			};
			name = Debug;
		};
		7AEFE49C2408301900688933 /* Release */ = {
			isa = XCBuildConfiguration;
			buildSettings = {
				ALWAYS_SEARCH_USER_PATHS = NO;
				CLANG_ANALYZER_NONNULL = YES;
				CLANG_ANALYZER_NUMBER_OBJECT_CONVERSION = YES_AGGRESSIVE;
				CLANG_CXX_LANGUAGE_STANDARD = "gnu++14";
				CLANG_CXX_LIBRARY = "libc++";
				CLANG_ENABLE_MODULES = YES;
				CLANG_ENABLE_OBJC_ARC = YES;
				CLANG_ENABLE_OBJC_WEAK = YES;
				CLANG_WARN_BLOCK_CAPTURE_AUTORELEASING = YES;
				CLANG_WARN_BOOL_CONVERSION = YES;
				CLANG_WARN_COMMA = YES;
				CLANG_WARN_CONSTANT_CONVERSION = YES;
				CLANG_WARN_DEPRECATED_OBJC_IMPLEMENTATIONS = YES;
				CLANG_WARN_DIRECT_OBJC_ISA_USAGE = YES_ERROR;
				CLANG_WARN_DOCUMENTATION_COMMENTS = YES;
				CLANG_WARN_EMPTY_BODY = YES;
				CLANG_WARN_ENUM_CONVERSION = YES;
				CLANG_WARN_INFINITE_RECURSION = YES;
				CLANG_WARN_INT_CONVERSION = YES;
				CLANG_WARN_NON_LITERAL_NULL_CONVERSION = YES;
				CLANG_WARN_OBJC_IMPLICIT_RETAIN_SELF = YES;
				CLANG_WARN_OBJC_LITERAL_CONVERSION = YES;
				CLANG_WARN_OBJC_ROOT_CLASS = YES_ERROR;
				CLANG_WARN_RANGE_LOOP_ANALYSIS = YES;
				CLANG_WARN_STRICT_PROTOTYPES = YES;
				CLANG_WARN_SUSPICIOUS_MOVE = YES;
				CLANG_WARN_UNGUARDED_AVAILABILITY = YES_AGGRESSIVE;
				CLANG_WARN_UNREACHABLE_CODE = YES;
				CLANG_WARN__DUPLICATE_METHOD_MATCH = YES;
				CODE_SIGN_IDENTITY = "iPhone Developer";
				COPY_PHASE_STRIP = NO;
				DEBUG_INFORMATION_FORMAT = "dwarf-with-dsym";
				ENABLE_NS_ASSERTIONS = NO;
				ENABLE_STRICT_OBJC_MSGSEND = YES;
				GCC_C_LANGUAGE_STANDARD = gnu11;
				GCC_NO_COMMON_BLOCKS = YES;
				GCC_WARN_64_TO_32_BIT_CONVERSION = YES;
				GCC_WARN_ABOUT_RETURN_TYPE = YES_ERROR;
				GCC_WARN_UNDECLARED_SELECTOR = YES;
				GCC_WARN_UNINITIALIZED_AUTOS = YES_AGGRESSIVE;
				GCC_WARN_UNUSED_FUNCTION = YES;
				GCC_WARN_UNUSED_VARIABLE = YES;
				IPHONEOS_DEPLOYMENT_TARGET = 10.0;
				MTL_ENABLE_DEBUG_INFO = NO;
				MTL_FAST_MATH = YES;
				SDKROOT = iphoneos;
				SWIFT_COMPILATION_MODE = wholemodule;
				SWIFT_OPTIMIZATION_LEVEL = "-O";
				VALIDATE_PRODUCT = YES;
			};
			name = Release;
		};
		7AEFE49E2408301900688933 /* Debug */ = {
			isa = XCBuildConfiguration;
			baseConfigurationReference = 73117C4B9D6894E6EB8DDFA3 /* Pods-SimpraApp.debug.xcconfig */;
			buildSettings = {
				ASSETCATALOG_COMPILER_APPICON_NAME = AppIcon;
				CODE_SIGN_STYLE = Automatic;
				DEVELOPMENT_TEAM = A6SU8KPM4Z;
				INFOPLIST_FILE = SimpraApp/Info.plist;
				LD_RUNPATH_SEARCH_PATHS = (
					"$(inherited)",
					"@executable_path/Frameworks",
				);
				PRODUCT_BUNDLE_IDENTIFIER = com.memedina.simpra.SimpraApp;
				PRODUCT_NAME = "$(TARGET_NAME)";
				SWIFT_VERSION = 4.2;
				TARGETED_DEVICE_FAMILY = "1,2";
			};
			name = Debug;
		};
		7AEFE49F2408301900688933 /* Release */ = {
			isa = XCBuildConfiguration;
			baseConfigurationReference = D4F6FD1355C58E4D6CE2ADD9 /* Pods-SimpraApp.release.xcconfig */;
			buildSettings = {
				ASSETCATALOG_COMPILER_APPICON_NAME = AppIcon;
				CODE_SIGN_STYLE = Automatic;
				DEVELOPMENT_TEAM = A6SU8KPM4Z;
				INFOPLIST_FILE = SimpraApp/Info.plist;
				LD_RUNPATH_SEARCH_PATHS = (
					"$(inherited)",
					"@executable_path/Frameworks",
				);
				PRODUCT_BUNDLE_IDENTIFIER = com.memedina.simpra.SimpraApp;
				PRODUCT_NAME = "$(TARGET_NAME)";
				SWIFT_VERSION = 4.2;
				TARGETED_DEVICE_FAMILY = "1,2";
			};
			name = Release;
		};
/* End XCBuildConfiguration section */

/* Begin XCConfigurationList section */
		7AEFE4832408301700688933 /* Build configuration list for PBXProject "SimpraApp" */ = {
			isa = XCConfigurationList;
			buildConfigurations = (
				7AEFE49B2408301900688933 /* Debug */,
				7AEFE49C2408301900688933 /* Release */,
			);
			defaultConfigurationIsVisible = 0;
			defaultConfigurationName = Release;
		};
		7AEFE49D2408301900688933 /* Build configuration list for PBXNativeTarget "SimpraApp" */ = {
			isa = XCConfigurationList;
			buildConfigurations = (
				7AEFE49E2408301900688933 /* Debug */,
				7AEFE49F2408301900688933 /* Release */,
			);
			defaultConfigurationIsVisible = 0;
			defaultConfigurationName = Release;
		};
/* End XCConfigurationList section */

/* Begin XCVersionGroup section */
		7AEFE4922408301700688933 /* SimpraApp.xcdatamodeld */ = {
			isa = XCVersionGroup;
			children = (
				7AEFE4932408301700688933 /* SimpraApp.xcdatamodel */,
			);
			currentVersion = 7AEFE4932408301700688933 /* SimpraApp.xcdatamodel */;
			path = SimpraApp.xcdatamodeld;
			sourceTree = "<group>";
			versionGroupType = wrapper.xcdatamodel;
		};
/* End XCVersionGroup section */
	};
	rootObject = 7AEFE4802408301700688933 /* Project object */;
}
